
Microsoft Visual Studio Solution File, Format Version 12.00
# Visual Studio Version 17
VisualStudioVersion = 17.0.31903.59
MinimumVisualStudioVersion = 10.0.40219.1
Project("{FAE04EC0-301F-11D3-BF4B-00C04F79EFBC}") = "frambos.desktop", "frambos.desktop\frambos.desktop.csproj", "{275248DC-E925-4654-8A09-2FBFB6C82E0F}"
EndProject
Global
	GlobalSection(SolutionConfigurationPlatforms) = preSolution
		Debug|Any CPU = Debug|Any CPU
		Release|Any CPU = Release|Any CPU
	EndGlobalSection
	GlobalSection(SolutionProperties) = preSolution
		HideSolutionNode = FALSE
	EndGlobalSection
	GlobalSection(ProjectConfigurationPlatforms) = postSolution
		{275248DC-E925-4654-8A09-2FBFB6C82E0F}.Debug|Any CPU.ActiveCfg = Debug|Any CPU
		{275248DC-E925-4654-8A09-2FBFB6C82E0F}.Debug|Any CPU.Build.0 = Debug|Any CPU
		{275248DC-E925-4654-8A09-2FBFB6C82E0F}.Release|Any CPU.ActiveCfg = Release|Any CPU
		{275248DC-E925-4654-8A09-2FBFB6C82E0F}.Release|Any CPU.Build.0 = Release|Any CPU
	EndGlobalSection
EndGlobal
