
Microsoft Visual Studio Solution File, Format Version 12.00
# Visual Studio Version 17
VisualStudioVersion = 17.0.31903.59
MinimumVisualStudioVersion = 10.0.40219.1
Project("{FAE04EC0-301F-11D3-BF4B-00C04F79EFBC}") = "frambos", "frambos\frambos.csproj", "{C3A75ACB-27C4-4B11-A323-50561EE85A31}"
EndProject
Project("{FAE04EC0-301F-11D3-BF4B-00C04F79EFBC}") = "markisa", "markisa\markisa.csproj", "{BD2CAAB3-DBCA-443D-B08A-9E9B39BDFB26}"
EndProject
Project("{FAE04EC0-301F-11D3-BF4B-00C04F79EFBC}") = "frambos.android", "frambos.android\frambos.android.csproj", "{A8F1528E-48D8-41A7-AC09-A8B8E53DC33A}"
EndProject
Global
	GlobalSection(SolutionConfigurationPlatforms) = preSolution
		Debug|Any CPU = Debug|Any CPU
		Release|Any CPU = Release|Any CPU
	EndGlobalSection
	GlobalSection(SolutionProperties) = preSolution
		HideSolutionNode = FALSE
	EndGlobalSection
	GlobalSection(ProjectConfigurationPlatforms) = postSolution
		{275248DC-E925-4654-8A09-2FBFB6C82E0F}.Debug|Any CPU.ActiveCfg = Debug|Any CPU
		{275248DC-E925-4654-8A09-2FBFB6C82E0F}.Debug|Any CPU.Build.0 = Debug|Any CPU
		{275248DC-E925-4654-8A09-2FBFB6C82E0F}.Release|Any CPU.ActiveCfg = Release|Any CPU
		{275248DC-E925-4654-8A09-2FBFB6C82E0F}.Release|Any CPU.Build.0 = Release|Any CPU
		{C3A75ACB-27C4-4B11-A323-50561EE85A31}.Debug|Any CPU.ActiveCfg = Debug|Any CPU
		{C3A75ACB-27C4-4B11-A323-50561EE85A31}.Debug|Any CPU.Build.0 = Debug|Any CPU
		{C3A75ACB-27C4-4B11-A323-50561EE85A31}.Release|Any CPU.ActiveCfg = Release|Any CPU
		{C3A75ACB-27C4-4B11-A323-50561EE85A31}.Release|Any CPU.Build.0 = Release|Any CPU
		{BD2CAAB3-DBCA-443D-B08A-9E9B39BDFB26}.Debug|Any CPU.ActiveCfg = Debug|Any CPU
		{BD2CAAB3-DBCA-443D-B08A-9E9B39BDFB26}.Debug|Any CPU.Build.0 = Debug|Any CPU
		{BD2CAAB3-DBCA-443D-B08A-9E9B39BDFB26}.Release|Any CPU.ActiveCfg = Release|Any CPU
		{BD2CAAB3-DBCA-443D-B08A-9E9B39BDFB26}.Release|Any CPU.Build.0 = Release|Any CPU
		{A8F1528E-48D8-41A7-AC09-A8B8E53DC33A}.Debug|Any CPU.ActiveCfg = Debug|Any CPU
		{A8F1528E-48D8-41A7-AC09-A8B8E53DC33A}.Debug|Any CPU.Build.0 = Debug|Any CPU
		{A8F1528E-48D8-41A7-AC09-A8B8E53DC33A}.Release|Any CPU.ActiveCfg = Release|Any CPU
		{A8F1528E-48D8-41A7-AC09-A8B8E53DC33A}.Release|Any CPU.Build.0 = Release|Any CPU
	EndGlobalSection
EndGlobal
